dependencies:
- name: crds
  repository: ""
  version: 2.9.2
- name: etcd
  repository: https://charts.bitnami.com/bitnami
  version: 8.6.0
- name: jaeger-operator
  repository: https://jaegertracing.github.io/helm-charts
  version: 2.50.1
- name: loki
  repository: https://grafana.github.io/helm-charts
  version: 6.29.0
- name: alloy
  repository: https://grafana.github.io/helm-charts
  version: 1.0.1
- name: nats
  repository: https://nats-io.github.io/k8s/helm/charts/
  version: 0.19.14
- name: localpv-provisioner
  repository: https://openebs.github.io/dynamic-localpv-provisioner
  version: 4.3.0
digest: sha256:a76bb12e631fd5c21bef5932c3e68d04e18ab98736ec999a008f2e8e842924ff
generated: "2025-08-27T08:08:47.285907173Z"
